
Microsoft Visual Studio Solution File, Format Version 12.00
# Visual Studio Version 17
VisualStudioVersion = 17.3.32825.248
MinimumVisualStudioVersion = 10.0.40219.1
Project("{FAE04EC0-301F-11D3-BF4B-00C04F79EFBC}") = "carWebApplication", "carWebApplication\carWebApplication.csproj", "{BA9795FD-4EAB-4150-8E2F-04A76AA8CB0F}"
EndProject
Global
	GlobalSection(SolutionConfigurationPlatforms) = preSolution
		Debug|Any CPU = Debug|Any CPU
		Release|Any CPU = Release|Any CPU
	EndGlobalSection
	GlobalSection(ProjectConfigurationPlatforms) = postSolution
		{BA9795FD-4EAB-4150-8E2F-04A76AA8CB0F}.Debug|Any CPU.ActiveCfg = Debug|Any CPU
		{BA9795FD-4EAB-4150-8E2F-04A76AA8CB0F}.Debug|Any CPU.Build.0 = Debug|Any CPU
		{BA9795FD-4EAB-4150-8E2F-04A76AA8CB0F}.Release|Any CPU.ActiveCfg = Release|Any CPU
		{BA9795FD-4EAB-4150-8E2F-04A76AA8CB0F}.Release|Any CPU.Build.0 = Release|Any CPU
	EndGlobalSection
	GlobalSection(SolutionProperties) = preSolution
		HideSolutionNode = FALSE
	EndGlobalSection
	GlobalSection(ExtensibilityGlobals) = postSolution
		SolutionGuid = {06B69C44-31B4-478D-B6DC-78B536244975}
	EndGlobalSection
EndGlobal
